
Microsoft Visual Studio Solution File, Format Version 12.00
# Visual Studio Version 17
VisualStudioVersion = 17.10.35027.167
MinimumVisualStudioVersion = 10.0.40219.1
Project("{FAE04EC0-301F-11D3-BF4B-00C04F79EFBC}") = "Car Rental web App", "Car Rental web App\Car Rental web App.csproj", "{82407FAD-E588-487A-88F4-E78B1A86E8E5}"
EndProject
Global
	GlobalSection(SolutionConfigurationPlatforms) = preSolution
		Debug|Any CPU = Debug|Any CPU
		Release|Any CPU = Release|Any CPU
	EndGlobalSection
	GlobalSection(ProjectConfigurationPlatforms) = postSolution
		{82407FAD-E588-487A-88F4-E78B1A86E8E5}.Debug|Any CPU.ActiveCfg = Debug|Any CPU
		{82407FAD-E588-487A-88F4-E78B1A86E8E5}.Debug|Any CPU.Build.0 = Debug|Any CPU
		{82407FAD-E588-487A-88F4-E78B1A86E8E5}.Release|Any CPU.ActiveCfg = Release|Any CPU
		{82407FAD-E588-487A-88F4-E78B1A86E8E5}.Release|Any CPU.Build.0 = Release|Any CPU
	EndGlobalSection
	GlobalSection(SolutionProperties) = preSolution
		HideSolutionNode = FALSE
	EndGlobalSection
	GlobalSection(ExtensibilityGlobals) = postSolution
		SolutionGuid = {F32A3D30-96B9-4EA4-9219-D7CA0440A321}
	EndGlobalSection
EndGlobal
